{
  "name": "@ci-cd/playground-monorepo",
  "version": "0.0.0",
  "lockfileVersion": 2,
  "requires": true,
  "packages": {
    "": {
      "name": "@ci-cd/playground-monorepo",
      "version": "0.0.0",
      "license": "Apache-2.0",
      "workspaces": [
        "packages/*"
      ]
    },
    "node_modules/@ci-cd/pages": {
      "resolved": "packages/ci-cd-pages",
      "link": true
    },
    "node_modules/@ci-cd/test": {
      "resolved": "packages/ci-cd-test",
      "link": true
    },
    "packages/ci-cd-pages": {
      "name": "@ci-cd/pages",
      "version": "0.0.0",
      "license": "Apache-2.0"
    },
    "packages/ci-cd-test": {
      "name": "@ci-cd/test",
      "version": "0.0.0",
      "license": "Apache-2.0"
    }
  },
  "dependencies": {
    "@ci-cd/pages": {
      "version": "file:packages/ci-cd-pages"
    },
    "@ci-cd/test": {
      "version": "file:packages/ci-cd-test"
    }
  }
}
